
Microsoft Visual Studio Solution File, Format Version 12.00
# Visual Studio Version 16
VisualStudioVersion = 16.0.30907.101
MinimumVisualStudioVersion = 10.0.40219.1
Project("{FAE04EC0-301F-11D3-BF4B-00C04F79EFBC}") = "DB7", "DB7.csproj", "{42DA30A6-BB1C-48FD-93C6-872A827B260A}"
EndProject
Global
	GlobalSection(SolutionConfigurationPlatforms) = preSolution
		Debug|Any CPU = Debug|Any CPU
		Release|Any CPU = Release|Any CPU
	EndGlobalSection
	GlobalSection(ProjectConfigurationPlatforms) = postSolution
		{42DA30A6-BB1C-48FD-93C6-872A827B260A}.Debug|Any CPU.ActiveCfg = Debug|Any CPU
		{42DA30A6-BB1C-48FD-93C6-872A827B260A}.Debug|Any CPU.Build.0 = Debug|Any CPU
		{42DA30A6-BB1C-48FD-93C6-872A827B260A}.Release|Any CPU.ActiveCfg = Release|Any CPU
		{42DA30A6-BB1C-48FD-93C6-872A827B260A}.Release|Any CPU.Build.0 = Release|Any CPU
	EndGlobalSection
	GlobalSection(SolutionProperties) = preSolution
		HideSolutionNode = FALSE
	EndGlobalSection
	GlobalSection(ExtensibilityGlobals) = postSolution
		SolutionGuid = {5214CBE8-A22C-4FB9-BFF6-B23990298214}
	EndGlobalSection
EndGlobal
